
Microsoft Visual Studio Solution File, Format Version 12.00
# Visual Studio Version 17
VisualStudioVersion = 17.2.32516.85
MinimumVisualStudioVersion = 10.0.40219.1
Project("{FAE04EC0-301F-11D3-BF4B-00C04F79EFBC}") = "pract6", "pract6.csproj", "{093A68D5-00D2-4F90-AE01-D4A67973E41F}"
EndProject
Global
	GlobalSection(SolutionConfigurationPlatforms) = preSolution
		Debug|Any CPU = Debug|Any CPU
		Release|Any CPU = Release|Any CPU
	EndGlobalSection
	GlobalSection(ProjectConfigurationPlatforms) = postSolution
		{093A68D5-00D2-4F90-AE01-D4A67973E41F}.Debug|Any CPU.ActiveCfg = Debug|Any CPU
		{093A68D5-00D2-4F90-AE01-D4A67973E41F}.Debug|Any CPU.Build.0 = Debug|Any CPU
		{093A68D5-00D2-4F90-AE01-D4A67973E41F}.Release|Any CPU.ActiveCfg = Release|Any CPU
		{093A68D5-00D2-4F90-AE01-D4A67973E41F}.Release|Any CPU.Build.0 = Release|Any CPU
	EndGlobalSection
	GlobalSection(SolutionProperties) = preSolution
		HideSolutionNode = FALSE
	EndGlobalSection
	GlobalSection(ExtensibilityGlobals) = postSolution
		SolutionGuid = {2D0BD659-6A40-4E25-B049-1BC1745AD9BE}
	EndGlobalSection
EndGlobal
